
Microsoft Visual Studio Solution File, Format Version 12.00
# Visual Studio Version 17
VisualStudioVersion = 17.8.34004.107
MinimumVisualStudioVersion = 10.0.40219.1
Project("{9A19103F-16F7-4668-BE54-9A1E7A4F7556}") = "Bld.WlanUtils", "Bld.WlanUtils\Bld.WlanUtils.csproj", "{905086DD-3147-44DB-A679-1E8B852B791D}"
EndProject
Project("{2150E333-8FDC-42A3-9474-1A3956D46DE8}") = "Solution Items", "Solution Items", "{09664582-7D90-4377-B3A1-4641AA670020}"
	ProjectSection(SolutionItems) = preProject
		..\README.md = ..\README.md
	EndProjectSection
EndProject
Project("{FAE04EC0-301F-11D3-BF4B-00C04F79EFBC}") = "Bld.WlanUtils.Examples", "Bld.WlanUtils.Examples\Bld.WlanUtils.Examples.csproj", "{6C81B46E-AC16-4C87-B7DD-9C4943FD2626}"
EndProject
Global
	GlobalSection(SolutionConfigurationPlatforms) = preSolution
		Debug|Any CPU = Debug|Any CPU
		Release|Any CPU = Release|Any CPU
	EndGlobalSection
	GlobalSection(ProjectConfigurationPlatforms) = postSolution
		{905086DD-3147-44DB-A679-1E8B852B791D}.Debug|Any CPU.ActiveCfg = Debug|Any CPU
		{905086DD-3147-44DB-A679-1E8B852B791D}.Debug|Any CPU.Build.0 = Debug|Any CPU
		{905086DD-3147-44DB-A679-1E8B852B791D}.Release|Any CPU.ActiveCfg = Release|Any CPU
		{905086DD-3147-44DB-A679-1E8B852B791D}.Release|Any CPU.Build.0 = Release|Any CPU
		{6C81B46E-AC16-4C87-B7DD-9C4943FD2626}.Debug|Any CPU.ActiveCfg = Debug|Any CPU
		{6C81B46E-AC16-4C87-B7DD-9C4943FD2626}.Debug|Any CPU.Build.0 = Debug|Any CPU
		{6C81B46E-AC16-4C87-B7DD-9C4943FD2626}.Release|Any CPU.ActiveCfg = Release|Any CPU
		{6C81B46E-AC16-4C87-B7DD-9C4943FD2626}.Release|Any CPU.Build.0 = Release|Any CPU
	EndGlobalSection
	GlobalSection(SolutionProperties) = preSolution
		HideSolutionNode = FALSE
	EndGlobalSection
	GlobalSection(ExtensibilityGlobals) = postSolution
		SolutionGuid = {DF4F5297-54C8-4A0B-BC2E-4C9094F9A425}
	EndGlobalSection
EndGlobal
